
Microsoft Visual Studio Solution File, Format Version 12.00
# Visual Studio Version 17
VisualStudioVersion = 17.11.35303.130
MinimumVisualStudioVersion = 10.0.40219.1
Project("{FAE04EC0-301F-11D3-BF4B-00C04F79EFBC}") = "Servidor", "Servidor.csproj", "{73337BD6-768F-4340-9061-05A82F94D621}"
EndProject
Global
	GlobalSection(SolutionConfigurationPlatforms) = preSolution
		Debug|Any CPU = Debug|Any CPU
		Release|Any CPU = Release|Any CPU
	EndGlobalSection
	GlobalSection(ProjectConfigurationPlatforms) = postSolution
		{73337BD6-768F-4340-9061-05A82F94D621}.Debug|Any CPU.ActiveCfg = Debug|Any CPU
		{73337BD6-768F-4340-9061-05A82F94D621}.Debug|Any CPU.Build.0 = Debug|Any CPU
		{73337BD6-768F-4340-9061-05A82F94D621}.Release|Any CPU.ActiveCfg = Release|Any CPU
		{73337BD6-768F-4340-9061-05A82F94D621}.Release|Any CPU.Build.0 = Release|Any CPU
	EndGlobalSection
	GlobalSection(SolutionProperties) = preSolution
		HideSolutionNode = FALSE
	EndGlobalSection
	GlobalSection(ExtensibilityGlobals) = postSolution
		SolutionGuid = {8E9DFAC2-80CE-483D-97A2-2618B3291B4D}
	EndGlobalSection
EndGlobal
